
Microsoft Visual Studio Solution File, Format Version 12.00
# Visual Studio Version 17
VisualStudioVersion = 17.3.32825.248
MinimumVisualStudioVersion = 10.0.40219.1
Project("{9A19103F-16F7-4668-BE54-9A1E7A4F7556}") = "Encrypter.Decrypter", "Encrypter.Decrypter\Encrypter.Decrypter.csproj", "{0E30E30E-7480-4A85-831B-702B0C573BA7}"
EndProject
Project("{9A19103F-16F7-4668-BE54-9A1E7A4F7556}") = "Cryptography.Services", "..\Cryptography.Services\Cryptography.Services\Cryptography.Services.csproj", "{82C7247A-75D7-4ACD-B1DB-9204BEC13384}"
EndProject
Global
	GlobalSection(SolutionConfigurationPlatforms) = preSolution
		Debug|Any CPU = Debug|Any CPU
		Release|Any CPU = Release|Any CPU
	EndGlobalSection
	GlobalSection(ProjectConfigurationPlatforms) = postSolution
		{0E30E30E-7480-4A85-831B-702B0C573BA7}.Debug|Any CPU.ActiveCfg = Debug|Any CPU
		{0E30E30E-7480-4A85-831B-702B0C573BA7}.Debug|Any CPU.Build.0 = Debug|Any CPU
		{0E30E30E-7480-4A85-831B-702B0C573BA7}.Release|Any CPU.ActiveCfg = Release|Any CPU
		{0E30E30E-7480-4A85-831B-702B0C573BA7}.Release|Any CPU.Build.0 = Release|Any CPU
		{82C7247A-75D7-4ACD-B1DB-9204BEC13384}.Debug|Any CPU.ActiveCfg = Debug|Any CPU
		{82C7247A-75D7-4ACD-B1DB-9204BEC13384}.Debug|Any CPU.Build.0 = Debug|Any CPU
		{82C7247A-75D7-4ACD-B1DB-9204BEC13384}.Release|Any CPU.ActiveCfg = Release|Any CPU
		{82C7247A-75D7-4ACD-B1DB-9204BEC13384}.Release|Any CPU.Build.0 = Release|Any CPU
	EndGlobalSection
	GlobalSection(SolutionProperties) = preSolution
		HideSolutionNode = FALSE
	EndGlobalSection
	GlobalSection(ExtensibilityGlobals) = postSolution
		SolutionGuid = {50144187-FD1A-40F8-869F-EA96A9E0D110}
	EndGlobalSection
EndGlobal
